// !$*UTF8*$!
{
	archiveVersion = 1;
	classes = {
	};
	objectVersion = 50;
	objects = {

/* Begin PBXBuildFile section */
		582F5258253D98E80057A646 /* RouteViewController.swift in Sources */ = {isa = PBXBuildFile; fileRef = 582F5257253D98E80057A646 /* RouteViewController.swift */; };
		58F03612253A723F00D87B48 /* AppDelegate.swift in Sources */ = {isa = PBXBuildFile; fileRef = 58F03611253A723F00D87B48 /* AppDelegate.swift */; };
		58F03614253A723F00D87B48 /* SceneDelegate.swift in Sources */ = {isa = PBXBuildFile; fileRef = 58F03613253A723F00D87B48 /* SceneDelegate.swift */; };
		58F03616253A723F00D87B48 /* MapViewController.swift in Sources */ = {isa = PBXBuildFile; fileRef = 58F03615253A723F00D87B48 /* MapViewController.swift */; };
		58F03619253A723F00D87B48 /* Main.storyboard in Resources */ = {isa = PBXBuildFile; fileRef = 58F03617253A723F00D87B48 /* Main.storyboard */; };
		58F0361C253A723F00D87B48 /* Assignment1.xcdatamodeld in Sources */ = {isa = PBXBuildFile; fileRef = 58F0361A253A723F00D87B48 /* Assignment1.xcdatamodeld */; };
		58F0361E253A724100D87B48 /* Assets.xcassets in Resources */ = {isa = PBXBuildFile; fileRef = 58F0361D253A724100D87B48 /* Assets.xcassets */; };
		58F03621253A724100D87B48 /* LaunchScreen.storyboard in Resources */ = {isa = PBXBuildFile; fileRef = 58F0361F253A724100D87B48 /* LaunchScreen.storyboard */; };
		58F0362C253A724100D87B48 /* Assignment1Tests.swift in Sources */ = {isa = PBXBuildFile; fileRef = 58F0362B253A724100D87B48 /* Assignment1Tests.swift */; };
		58F03637253A724100D87B48 /* Assignment1UITests.swift in Sources */ = {isa = PBXBuildFile; fileRef = 58F03636253A724100D87B48 /* Assignment1UITests.swift */; };
/* End PBXBuildFile section */

/* Begin PBXContainerItemProxy section */
		58F03628253A724100D87B48 /* PBXContainerItemProxy */ = {
			isa = PBXContainerItemProxy;
			containerPortal = 58F03606253A723F00D87B48 /* Project object */;
			proxyType = 1;
			remoteGlobalIDString = 58F0360D253A723F00D87B48;
			remoteInfo = Assignment1;
		};
		58F03633253A724100D87B48 /* PBXContainerItemProxy */ = {
			isa = PBXContainerItemProxy;
			containerPortal = 58F03606253A723F00D87B48 /* Project object */;
			proxyType = 1;
			remoteGlobalIDString = 58F0360D253A723F00D87B48;
			remoteInfo = Assignment1;
		};
/* End PBXContainerItemProxy section */

/* Begin PBXFileReference section */
		582F5257253D98E80057A646 /* RouteViewController.swift */ = {isa = PBXFileReference; lastKnownFileType = sourcecode.swift; path = RouteViewController.swift; sourceTree = "<group>"; };
		58F0360E253A723F00D87B48 /* Assignment1.app */ = {isa = PBXFileReference; explicitFileType = wrapper.application; includeInIndex = 0; path = Assignment1.app; sourceTree = BUILT_PRODUCTS_DIR; };
		58F03611253A723F00D87B48 /* AppDelegate.swift */ = {isa = PBXFileReference; lastKnownFileType = sourcecode.swift; path = AppDelegate.swift; sourceTree = "<group>"; };
		58F03613253A723F00D87B48 /* SceneDelegate.swift */ = {isa = PBXFileReference; lastKnownFileType = sourcecode.swift; path = SceneDelegate.swift; sourceTree = "<group>"; };
		58F03615253A723F00D87B48 /* MapViewController.swift */ = {isa = PBXFileReference; lastKnownFileType = sourcecode.swift; path = MapViewController.swift; sourceTree = "<group>"; };
		58F03618253A723F00D87B48 /* Base */ = {isa = PBXFileReference; lastKnownFileType = file.storyboard; name = Base; path = Base.lproj/Main.storyboard; sourceTree = "<group>"; };
		58F0361B253A723F00D87B48 /* Assignment1.xcdatamodel */ = {isa = PBXFileReference; lastKnownFileType = wrapper.xcdatamodel; path = Assignment1.xcdatamodel; sourceTree = "<group>"; };
		58F0361D253A724100D87B48 /* Assets.xcassets */ = {isa = PBXFileReference; lastKnownFileType = folder.assetcatalog; path = Assets.xcassets; sourceTree = "<group>"; };
		58F03620253A724100D87B48 /* Base */ = {isa = PBXFileReference; lastKnownFileType = file.storyboard; name = Base; path = Base.lproj/LaunchScreen.storyboard; sourceTree = "<group>"; };
		58F03622253A724100D87B48 /* Info.plist */ = {isa = PBXFileReference; lastKnownFileType = text.plist.xml; path = Info.plist; sourceTree = "<group>"; };
		58F03627253A724100D87B48 /* Assignment1Tests.xctest */ = {isa = PBXFileReference; explicitFileType = wrapper.cfbundle; includeInIndex = 0; path = Assignment1Tests.xctest; sourceTree = BUILT_PRODUCTS_DIR; };
		58F0362B253A724100D87B48 /* Assignment1Tests.swift */ = {isa = PBXFileReference; lastKnownFileType = sourcecode.swift; path = Assignment1Tests.swift; sourceTree = "<group>"; };
		58F0362D253A724100D87B48 /* Info.plist */ = {isa = PBXFileReference; lastKnownFileType = text.plist.xml; path = Info.plist; sourceTree = "<group>"; };
		58F03632253A724100D87B48 /* Assignment1UITests.xctest */ = {isa = PBXFileReference; explicitFileType = wrapper.cfbundle; includeInIndex = 0; path = Assignment1UITests.xctest; sourceTree = BUILT_PRODUCTS_DIR; };
		58F03636253A724100D87B48 /* Assignment1UITests.swift */ = {isa = PBXFileReference; lastKnownFileType = sourcecode.swift; path = Assignment1UITests.swift; sourceTree = "<group>"; };
		58F03638253A724100D87B48 /* Info.plist */ = {isa = PBXFileReference; lastKnownFileType = text.plist.xml; path = Info.plist; sourceTree = "<group>"; };
/* End PBXFileReference section */

/* Begin PBXFrameworksBuildPhase section */
		58F0360B253A723F00D87B48 /* Frameworks */ = {
			isa = PBXFrameworksBuildPhase;
			buildActionMask = 2147483647;
			files = (
			);
			runOnlyForDeploymentPostprocessing = 0;
		};
		58F03624253A724100D87B48 /* Frameworks */ = {
			isa = PBXFrameworksBuildPhase;
			buildActionMask = 2147483647;
			files = (
			);
			runOnlyForDeploymentPostprocessing = 0;
		};
		58F0362F253A724100D87B48 /* Frameworks */ = {
			isa = PBXFrameworksBuildPhase;
			buildActionMask = 2147483647;
			files = (
			);
			runOnlyForDeploymentPostprocessing = 0;
		};
/* End PBXFrameworksBuildPhase section */

/* Begin PBXGroup section */
		58F03605253A723F00D87B48 = {
			isa = PBXGroup;
			children = (
				58F03610253A723F00D87B48 /* Assignment1 */,
				58F0362A253A724100D87B48 /* Assignment1Tests */,
				58F03635253A724100D87B48 /* Assignment1UITests */,
				58F0360F253A723F00D87B48 /* Products */,
			);
			sourceTree = "<group>";
		};
		58F0360F253A723F00D87B48 /* Products */ = {
			isa = PBXGroup;
			children = (
				58F0360E253A723F00D87B48 /* Assignment1.app */,
				58F03627253A724100D87B48 /* Assignment1Tests.xctest */,
				58F03632253A724100D87B48 /* Assignment1UITests.xctest */,
			);
			name = Products;
			sourceTree = "<group>";
		};
		58F03610253A723F00D87B48 /* Assignment1 */ = {
			isa = PBXGroup;
			children = (
				58F03611253A723F00D87B48 /* AppDelegate.swift */,
				58F03613253A723F00D87B48 /* SceneDelegate.swift */,
				58F03615253A723F00D87B48 /* MapViewController.swift */,
				58F03617253A723F00D87B48 /* Main.storyboard */,
				58F0361D253A724100D87B48 /* Assets.xcassets */,
				58F0361F253A724100D87B48 /* LaunchScreen.storyboard */,
				58F03622253A724100D87B48 /* Info.plist */,
				58F0361A253A723F00D87B48 /* Assignment1.xcdatamodeld */,
				582F5257253D98E80057A646 /* RouteViewController.swift */,
			);
			path = Assignment1;
			sourceTree = "<group>";
		};
		58F0362A253A724100D87B48 /* Assignment1Tests */ = {
			isa = PBXGroup;
			children = (
				58F0362B253A724100D87B48 /* Assignment1Tests.swift */,
				58F0362D253A724100D87B48 /* Info.plist */,
			);
			path = Assignment1Tests;
			sourceTree = "<group>";
		};
		58F03635253A724100D87B48 /* Assignment1UITests */ = {
			isa = PBXGroup;
			children = (
				58F03636253A724100D87B48 /* Assignment1UITests.swift */,
				58F03638253A724100D87B48 /* Info.plist */,
			);
			path = Assignment1UITests;
			sourceTree = "<group>";
		};
/* End PBXGroup section */

/* Begin PBXNativeTarget section */
		58F0360D253A723F00D87B48 /* Assignment1 */ = {
			isa = PBXNativeTarget;
			buildConfigurationList = 58F0363B253A724100D87B48 /* Build configuration list for PBXNativeTarget "Assignment1" */;
			buildPhases = (
				58F0360A253A723F00D87B48 /* Sources */,
				58F0360B253A723F00D87B48 /* Frameworks */,
				58F0360C253A723F00D87B48 /* Resources */,
			);
			buildRules = (
			);
			dependencies = (
			);
			name = Assignment1;
			productName = Assignment1;
			productReference = 58F0360E253A723F00D87B48 /* Assignment1.app */;
			productType = "com.apple.product-type.application";
		};
		58F03626253A724100D87B48 /* Assignment1Tests */ = {
			isa = PBXNativeTarget;
			buildConfigurationList = 58F0363E253A724100D87B48 /* Build configuration list for PBXNativeTarget "Assignment1Tests" */;
			buildPhases = (
				58F03623253A724100D87B48 /* Sources */,
				58F03624253A724100D87B48 /* Frameworks */,
				58F03625253A724100D87B48 /* Resources */,
			);
			buildRules = (
			);
			dependencies = (
				58F03629253A724100D87B48 /* PBXTargetDependency */,
			);
			name = Assignment1Tests;
			productName = Assignment1Tests;
			productReference = 58F03627253A724100D87B48 /* Assignment1Tests.xctest */;
			productType = "com.apple.product-type.bundle.unit-test";
		};
		58F03631253A724100D87B48 /* Assignment1UITests */ = {
			isa = PBXNativeTarget;
			buildConfigurationList = 58F03641253A724100D87B48 /* Build configuration list for PBXNativeTarget "Assignment1UITests" */;
			buildPhases = (
				58F0362E253A724100D87B48 /* Sources */,
				58F0362F253A724100D87B48 /* Frameworks */,
				58F03630253A724100D87B48 /* Resources */,
			);
			buildRules = (
			);
			dependencies = (
				58F03634253A724100D87B48 /* PBXTargetDependency */,
			);
			name = Assignment1UITests;
			productName = Assignment1UITests;
			productReference = 58F03632253A724100D87B48 /* Assignment1UITests.xctest */;
			productType = "com.apple.product-type.bundle.ui-testing";
		};
/* End PBXNativeTarget section */

/* Begin PBXProject section */
		58F03606253A723F00D87B48 /* Project object */ = {
			isa = PBXProject;
			attributes = {
				LastSwiftUpdateCheck = 1200;
				LastUpgradeCheck = 1200;
				TargetAttributes = {
					58F0360D253A723F00D87B48 = {
						CreatedOnToolsVersion = 12.0.1;
					};
					58F03626253A724100D87B48 = {
						CreatedOnToolsVersion = 12.0.1;
						TestTargetID = 58F0360D253A723F00D87B48;
					};
					58F03631253A724100D87B48 = {
						CreatedOnToolsVersion = 12.0.1;
						TestTargetID = 58F0360D253A723F00D87B48;
					};
				};
			};
			buildConfigurationList = 58F03609253A723F00D87B48 /* Build configuration list for PBXProject "Assignment1" */;
			compatibilityVersion = "Xcode 9.3";
			developmentRegion = en;
			hasScannedForEncodings = 0;
			knownRegions = (
				en,
				Base,
			);
			mainGroup = 58F03605253A723F00D87B48;
			productRefGroup = 58F0360F253A723F00D87B48 /* Products */;
			projectDirPath = "";
			projectRoot = "";
			targets = (
				58F0360D253A723F00D87B48 /* Assignment1 */,
				58F03626253A724100D87B48 /* Assignment1Tests */,
				58F03631253A724100D87B48 /* Assignment1UITests */,
			);
		};
/* End PBXProject section */

/* Begin PBXResourcesBuildPhase section */
		58F0360C253A723F00D87B48 /* Resources */ = {
			isa = PBXResourcesBuildPhase;
			buildActionMask = 2147483647;
			files = (
				58F03621253A724100D87B48 /* LaunchScreen.storyboard in Resources */,
				58F0361E253A724100D87B48 /* Assets.xcassets in Resources */,
				58F03619253A723F00D87B48 /* Main.storyboard in Resources */,
			);
			runOnlyForDeploymentPostprocessing = 0;
		};
		58F03625253A724100D87B48 /* Resources */ = {
			isa = PBXResourcesBuildPhase;
			buildActionMask = 2147483647;
			files = (
			);
			runOnlyForDeploymentPostprocessing = 0;
		};
		58F03630253A724100D87B48 /* Resources */ = {
			isa = PBXResourcesBuildPhase;
			buildActionMask = 2147483647;
			files = (
			);
			runOnlyForDeploymentPostprocessing = 0;
		};
/* End PBXResourcesBuildPhase section */

/* Begin PBXSourcesBuildPhase section */
		58F0360A253A723F00D87B48 /* Sources */ = {
			isa = PBXSourcesBuildPhase;
			buildActionMask = 2147483647;
			files = (
				58F03616253A723F00D87B48 /* MapViewController.swift in Sources */,
				58F03612253A723F00D87B48 /* AppDelegate.swift in Sources */,
				58F0361C253A723F00D87B48 /* Assignment1.xcdatamodeld in Sources */,
				582F5258253D98E80057A646 /* RouteViewController.swift in Sources */,
				58F03614253A723F00D87B48 /* SceneDelegate.swift in Sources */,
			);
			runOnlyForDeploymentPostprocessing = 0;
		};
		58F03623253A724100D87B48 /* Sources */ = {
			isa = PBXSourcesBuildPhase;
			buildActionMask = 2147483647;
			files = (
				58F0362C253A724100D87B48 /* Assignment1Tests.swift in Sources */,
			);
			runOnlyForDeploymentPostprocessing = 0;
		};
		58F0362E253A724100D87B48 /* Sources */ = {
			isa = PBXSourcesBuildPhase;
			buildActionMask = 2147483647;
			files = (
				58F03637253A724100D87B48 /* Assignment1UITests.swift in Sources */,
			);
			runOnlyForDeploymentPostprocessing = 0;
		};
/* End PBXSourcesBuildPhase section */

/* Begin PBXTargetDependency section */
		58F03629253A724100D87B48 /* PBXTargetDependency */ = {
			isa = PBXTargetDependency;
			target = 58F0360D253A723F00D87B48 /* Assignment1 */;
			targetProxy = 58F03628253A724100D87B48 /* PBXContainerItemProxy */;
		};
		58F03634253A724100D87B48 /* PBXTargetDependency */ = {
			isa = PBXTargetDependency;
			target = 58F0360D253A723F00D87B48 /* Assignment1 */;
			targetProxy = 58F03633253A724100D87B48 /* PBXContainerItemProxy */;
		};
/* End PBXTargetDependency section */

/* Begin PBXVariantGroup section */
		58F03617253A723F00D87B48 /* Main.storyboard */ = {
			isa = PBXVariantGroup;
			children = (
				58F03618253A723F00D87B48 /* Base */,
			);
			name = Main.storyboard;
			sourceTree = "<group>";
		};
		58F0361F253A724100D87B48 /* LaunchScreen.storyboard */ = {
			isa = PBXVariantGroup;
			children = (
				58F03620253A724100D87B48 /* Base */,
			);
			name = LaunchScreen.storyboard;
			sourceTree = "<group>";
		};
/* End PBXVariantGroup section */

/* Begin XCBuildConfiguration section */
		58F03639253A724100D87B48 /* Debug */ = {
			isa = XCBuildConfiguration;
			buildSettings = {
				ALWAYS_SEARCH_USER_PATHS = NO;
				CLANG_ANALYZER_NONNULL = YES;
				CLANG_ANALYZER_NUMBER_OBJECT_CONVERSION = YES_AGGRESSIVE;
				CLANG_CXX_LANGUAGE_STANDARD = "gnu++14";
				CLANG_CXX_LIBRARY = "libc++";
				CLANG_ENABLE_MODULES = YES;
				CLANG_ENABLE_OBJC_ARC = YES;
				CLANG_ENABLE_OBJC_WEAK = YES;
				CLANG_WARN_BLOCK_CAPTURE_AUTORELEASING = YES;
				CLANG_WARN_BOOL_CONVERSION = YES;
				CLANG_WARN_COMMA = YES;
				CLANG_WARN_CONSTANT_CONVERSION = YES;
				CLANG_WARN_DEPRECATED_OBJC_IMPLEMENTATIONS = YES;
				CLANG_WARN_DIRECT_OBJC_ISA_USAGE = YES_ERROR;
				CLANG_WARN_DOCUMENTATION_COMMENTS = YES;
				CLANG_WARN_EMPTY_BODY = YES;
				CLANG_WARN_ENUM_CONVERSION = YES;
				CLANG_WARN_INFINITE_RECURSION = YES;
				CLANG_WARN_INT_CONVERSION = YES;
				CLANG_WARN_NON_LITERAL_NULL_CONVERSION = YES;
				CLANG_WARN_OBJC_IMPLICIT_RETAIN_SELF = YES;
				CLANG_WARN_OBJC_LITERAL_CONVERSION = YES;
				CLANG_WARN_OBJC_ROOT_CLASS = YES_ERROR;
				CLANG_WARN_QUOTED_INCLUDE_IN_FRAMEWORK_HEADER = YES;
				CLANG_WARN_RANGE_LOOP_ANALYSIS = YES;
				CLANG_WARN_STRICT_PROTOTYPES = YES;
				CLANG_WARN_SUSPICIOUS_MOVE = YES;
				CLANG_WARN_UNGUARDED_AVAILABILITY = YES_AGGRESSIVE;
				CLANG_WARN_UNREACHABLE_CODE = YES;
				CLANG_WARN__DUPLICATE_METHOD_MATCH = YES;
				COPY_PHASE_STRIP = NO;
				DEBUG_INFORMATION_FORMAT = dwarf;
				ENABLE_STRICT_OBJC_MSGSEND = YES;
				ENABLE_TESTABILITY = YES;
				GCC_C_LANGUAGE_STANDARD = gnu11;
				GCC_DYNAMIC_NO_PIC = NO;
				GCC_NO_COMMON_BLOCKS = YES;
				GCC_OPTIMIZATION_LEVEL = 0;
				GCC_PREPROCESSOR_DEFINITIONS = (
					"DEBUG=1",
					"$(inherited)",
				);
				GCC_WARN_64_TO_32_BIT_CONVERSION = YES;
				GCC_WARN_ABOUT_RETURN_TYPE = YES_ERROR;
				GCC_WARN_UNDECLARED_SELECTOR = YES;
				GCC_WARN_UNINITIALIZED_AUTOS = YES_AGGRESSIVE;
				GCC_WARN_UNUSED_FUNCTION = YES;
				GCC_WARN_UNUSED_VARIABLE = YES;
				IPHONEOS_DEPLOYMENT_TARGET = 14.0;
				MTL_ENABLE_DEBUG_INFO = INCLUDE_SOURCE;
				MTL_FAST_MATH = YES;
				ONLY_ACTIVE_ARCH = YES;
				SDKROOT = iphoneos;
				SWIFT_ACTIVE_COMPILATION_CONDITIONS = DEBUG;
				SWIFT_OPTIMIZATION_LEVEL = "-Onone";
			};
			name = Debug;
		};
		58F0363A253A724100D87B48 /* Release */ = {
			isa = XCBuildConfiguration;
			buildSettings = {
				ALWAYS_SEARCH_USER_PATHS = NO;
				CLANG_ANALYZER_NONNULL = YES;
				CLANG_ANALYZER_NUMBER_OBJECT_CONVERSION = YES_AGGRESSIVE;
				CLANG_CXX_LANGUAGE_STANDARD = "gnu++14";
				CLANG_CXX_LIBRARY = "libc++";
				CLANG_ENABLE_MODULES = YES;
				CLANG_ENABLE_OBJC_ARC = YES;
				CLANG_ENABLE_OBJC_WEAK = YES;
				CLANG_WARN_BLOCK_CAPTURE_AUTORELEASING = YES;
				CLANG_WARN_BOOL_CONVERSION = YES;
				CLANG_WARN_COMMA = YES;
				CLANG_WARN_CONSTANT_CONVERSION = YES;
				CLANG_WARN_DEPRECATED_OBJC_IMPLEMENTATIONS = YES;
				CLANG_WARN_DIRECT_OBJC_ISA_USAGE = YES_ERROR;
				CLANG_WARN_DOCUMENTATION_COMMENTS = YES;
				CLANG_WARN_EMPTY_BODY = YES;
				CLANG_WARN_ENUM_CONVERSION = YES;
				CLANG_WARN_INFINITE_RECURSION = YES;
				CLANG_WARN_INT_CONVERSION = YES;
				CLANG_WARN_NON_LITERAL_NULL_CONVERSION = YES;
				CLANG_WARN_OBJC_IMPLICIT_RETAIN_SELF = YES;
				CLANG_WARN_OBJC_LITERAL_CONVERSION = YES;
				CLANG_WARN_OBJC_ROOT_CLASS = YES_ERROR;
				CLANG_WARN_QUOTED_INCLUDE_IN_FRAMEWORK_HEADER = YES;
				CLANG_WARN_RANGE_LOOP_ANALYSIS = YES;
				CLANG_WARN_STRICT_PROTOTYPES = YES;
				CLANG_WARN_SUSPICIOUS_MOVE = YES;
				CLANG_WARN_UNGUARDED_AVAILABILITY = YES_AGGRESSIVE;
				CLANG_WARN_UNREACHABLE_CODE = YES;
				CLANG_WARN__DUPLICATE_METHOD_MATCH = YES;
				COPY_PHASE_STRIP = NO;
				DEBUG_INFORMATION_FORMAT = "dwarf-with-dsym";
				ENABLE_NS_ASSERTIONS = NO;
				ENABLE_STRICT_OBJC_MSGSEND = YES;
				GCC_C_LANGUAGE_STANDARD = gnu11;
				GCC_NO_COMMON_BLOCKS = YES;
				GCC_WARN_64_TO_32_BIT_CONVERSION = YES;
				GCC_WARN_ABOUT_RETURN_TYPE = YES_ERROR;
				GCC_WARN_UNDECLARED_SELECTOR = YES;
				GCC_WARN_UNINITIALIZED_AUTOS = YES_AGGRESSIVE;
				GCC_WARN_UNUSED_FUNCTION = YES;
				GCC_WARN_UNUSED_VARIABLE = YES;
				IPHONEOS_DEPLOYMENT_TARGET = 14.0;
				MTL_ENABLE_DEBUG_INFO = NO;
				MTL_FAST_MATH = YES;
				SDKROOT = iphoneos;
				SWIFT_COMPILATION_MODE = wholemodule;
				SWIFT_OPTIMIZATION_LEVEL = "-O";
				VALIDATE_PRODUCT = YES;
			};
			name = Release;
		};
		58F0363C253A724100D87B48 /* Debug */ = {
			isa = XCBuildConfiguration;
			buildSettings = {
				ASSETCATALOG_COMPILER_APPICON_NAME = AppIcon;
				ASSETCATALOG_COMPILER_GLOBAL_ACCENT_COLOR_NAME = AccentColor;
				CODE_SIGN_STYLE = Automatic;
				INFOPLIST_FILE = Assignment1/Info.plist;
				LD_RUNPATH_SEARCH_PATHS = (
					"$(inherited)",
					"@executable_path/Frameworks",
				);
				PRODUCT_BUNDLE_IDENTIFIER = sherwin.Assignment1;
				PRODUCT_NAME = "$(TARGET_NAME)";
				SWIFT_VERSION = 5.0;
				TARGETED_DEVICE_FAMILY = "1,2";
			};
			name = Debug;
		};
		58F0363D253A724100D87B48 /* Release */ = {
			isa = XCBuildConfiguration;
			buildSettings = {
				ASSETCATALOG_COMPILER_APPICON_NAME = AppIcon;
				ASSETCATALOG_COMPILER_GLOBAL_ACCENT_COLOR_NAME = AccentColor;
				CODE_SIGN_STYLE = Automatic;
				INFOPLIST_FILE = Assignment1/Info.plist;
				LD_RUNPATH_SEARCH_PATHS = (
					"$(inherited)",
					"@executable_path/Frameworks",
				);
				PRODUCT_BUNDLE_IDENTIFIER = sherwin.Assignment1;
				PRODUCT_NAME = "$(TARGET_NAME)";
				SWIFT_VERSION = 5.0;
				TARGETED_DEVICE_FAMILY = "1,2";
			};
			name = Release;
		};
		58F0363F253A724100D87B48 /* Debug */ = {
			isa = XCBuildConfiguration;
			buildSettings = {
				ALWAYS_EMBED_SWIFT_STANDARD_LIBRARIES = YES;
				BUNDLE_LOADER = "$(TEST_HOST)";
				CODE_SIGN_STYLE = Automatic;
				INFOPLIST_FILE = Assignment1Tests/Info.plist;
				IPHONEOS_DEPLOYMENT_TARGET = 14.0;
				LD_RUNPATH_SEARCH_PATHS = (
					"$(inherited)",
					"@executable_path/Frameworks",
					"@loader_path/Frameworks",
				);
				PRODUCT_BUNDLE_IDENTIFIER = sherwin.Assignment1Tests;
				PRODUCT_NAME = "$(TARGET_NAME)";
				SWIFT_VERSION = 5.0;
				TARGETED_DEVICE_FAMILY = "1,2";
				TEST_HOST = "$(BUILT_PRODUCTS_DIR)/Assignment1.app/Assignment1";
			};
			name = Debug;
		};
		58F03640253A724100D87B48 /* Release */ = {
			isa = XCBuildConfiguration;
			buildSettings = {
				ALWAYS_EMBED_SWIFT_STANDARD_LIBRARIES = YES;
				BUNDLE_LOADER = "$(TEST_HOST)";
				CODE_SIGN_STYLE = Automatic;
				INFOPLIST_FILE = Assignment1Tests/Info.plist;
				IPHONEOS_DEPLOYMENT_TARGET = 14.0;
				LD_RUNPATH_SEARCH_PATHS = (
					"$(inherited)",
					"@executable_path/Frameworks",
					"@loader_path/Frameworks",
				);
				PRODUCT_BUNDLE_IDENTIFIER = sherwin.Assignment1Tests;
				PRODUCT_NAME = "$(TARGET_NAME)";
				SWIFT_VERSION = 5.0;
				TARGETED_DEVICE_FAMILY = "1,2";
				TEST_HOST = "$(BUILT_PRODUCTS_DIR)/Assignment1.app/Assignment1";
			};
			name = Release;
		};
		58F03642253A724100D87B48 /* Debug */ = {
			isa = XCBuildConfiguration;
			buildSettings = {
				ALWAYS_EMBED_SWIFT_STANDARD_LIBRARIES = YES;
				CODE_SIGN_STYLE = Automatic;
				INFOPLIST_FILE = Assignment1UITests/Info.plist;
				LD_RUNPATH_SEARCH_PATHS = (
					"$(inherited)",
					"@executable_path/Frameworks",
					"@loader_path/Frameworks",
				);
				PRODUCT_BUNDLE_IDENTIFIER = sherwin.Assignment1UITests;
				PRODUCT_NAME = "$(TARGET_NAME)";
				SWIFT_VERSION = 5.0;
				TARGETED_DEVICE_FAMILY = "1,2";
				TEST_TARGET_NAME = Assignment1;
			};
			name = Debug;
		};
		58F03643253A724100D87B48 /* Release */ = {
			isa = XCBuildConfiguration;
			buildSettings = {
				ALWAYS_EMBED_SWIFT_STANDARD_LIBRARIES = YES;
				CODE_SIGN_STYLE = Automatic;
				INFOPLIST_FILE = Assignment1UITests/Info.plist;
				LD_RUNPATH_SEARCH_PATHS = (
					"$(inherited)",
					"@executable_path/Frameworks",
					"@loader_path/Frameworks",
				);
				PRODUCT_BUNDLE_IDENTIFIER = sherwin.Assignment1UITests;
				PRODUCT_NAME = "$(TARGET_NAME)";
				SWIFT_VERSION = 5.0;
				TARGETED_DEVICE_FAMILY = "1,2";
				TEST_TARGET_NAME = Assignment1;
			};
			name = Release;
		};
/* End XCBuildConfiguration section */

/* Begin XCConfigurationList section */
		58F03609253A723F00D87B48 /* Build configuration list for PBXProject "Assignment1" */ = {
			isa = XCConfigurationList;
			buildConfigurations = (
				58F03639253A724100D87B48 /* Debug */,
				58F0363A253A724100D87B48 /* Release */,
			);
			defaultConfigurationIsVisible = 0;
			defaultConfigurationName = Release;
		};
		58F0363B253A724100D87B48 /* Build configuration list for PBXNativeTarget "Assignment1" */ = {
			isa = XCConfigurationList;
			buildConfigurations = (
				58F0363C253A724100D87B48 /* Debug */,
				58F0363D253A724100D87B48 /* Release */,
			);
			defaultConfigurationIsVisible = 0;
			defaultConfigurationName = Release;
		};
		58F0363E253A724100D87B48 /* Build configuration list for PBXNativeTarget "Assignment1Tests" */ = {
			isa = XCConfigurationList;
			buildConfigurations = (
				58F0363F253A724100D87B48 /* Debug */,
				58F03640253A724100D87B48 /* Release */,
			);
			defaultConfigurationIsVisible = 0;
			defaultConfigurationName = Release;
		};
		58F03641253A724100D87B48 /* Build configuration list for PBXNativeTarget "Assignment1UITests" */ = {
			isa = XCConfigurationList;
			buildConfigurations = (
				58F03642253A724100D87B48 /* Debug */,
				58F03643253A724100D87B48 /* Release */,
			);
			defaultConfigurationIsVisible = 0;
			defaultConfigurationName = Release;
		};
/* End XCConfigurationList section */

/* Begin XCVersionGroup section */
		58F0361A253A723F00D87B48 /* Assignment1.xcdatamodeld */ = {
			isa = XCVersionGroup;
			children = (
				58F0361B253A723F00D87B48 /* Assignment1.xcdatamodel */,
			);
			currentVersion = 58F0361B253A723F00D87B48 /* Assignment1.xcdatamodel */;
			path = Assignment1.xcdatamodeld;
			sourceTree = "<group>";
			versionGroupType = wrapper.xcdatamodel;
		};
/* End XCVersionGroup section */
	};
	rootObject = 58F03606253A723F00D87B48 /* Project object */;
}
